// !$*UTF8*$!
{
	archiveVersion = 1;
	classes = {
	};
	objectVersion = 55;
	objects = {

/* Begin PBXBuildFile section */
		502224E527BD22D900E3B4D5 /* AppDelegate.swift in Sources */ = {isa = PBXBuildFile; fileRef = 502224E427BD22D900E3B4D5 /* AppDelegate.swift */; };
		502224E727BD22D900E3B4D5 /* SceneDelegate.swift in Sources */ = {isa = PBXBuildFile; fileRef = 502224E627BD22D900E3B4D5 /* SceneDelegate.swift */; };
		502224E927BD22D900E3B4D5 /* ViewController.swift in Sources */ = {isa = PBXBuildFile; fileRef = 502224E827BD22D900E3B4D5 /* ViewController.swift */; };
		502224EC27BD22D900E3B4D5 /* Main.storyboard in Resources */ = {isa = PBXBuildFile; fileRef = 502224EA27BD22D900E3B4D5 /* Main.storyboard */; };
		502224EE27BD22E000E3B4D5 /* Assets.xcassets in Resources */ = {isa = PBXBuildFile; fileRef = 502224ED27BD22E000E3B4D5 /* Assets.xcassets */; };
		502224F127BD22E000E3B4D5 /* LaunchScreen.storyboard in Resources */ = {isa = PBXBuildFile; fileRef = 502224EF27BD22E000E3B4D5 /* LaunchScreen.storyboard */; };
		502224FE27BD237700E3B4D5 /* News.swift in Sources */ = {isa = PBXBuildFile; fileRef = 502224FD27BD237700E3B4D5 /* News.swift */; };
		5022250027BD248700E3B4D5 /* Constants.swift in Sources */ = {isa = PBXBuildFile; fileRef = 502224FF27BD248700E3B4D5 /* Constants.swift */; };
		5022250227BD328C00E3B4D5 /* Extensions.swift in Sources */ = {isa = PBXBuildFile; fileRef = 5022250127BD328C00E3B4D5 /* Extensions.swift */; };
		5022250427BD338400E3B4D5 /* APIManager.swift in Sources */ = {isa = PBXBuildFile; fileRef = 5022250327BD338400E3B4D5 /* APIManager.swift */; };
		5022250727BD3A7300E3B4D5 /* NewsListViewController.swift in Sources */ = {isa = PBXBuildFile; fileRef = 5022250627BD3A7200E3B4D5 /* NewsListViewController.swift */; };
		5022250927BD3A8000E3B4D5 /* NewsListViewModel.swift in Sources */ = {isa = PBXBuildFile; fileRef = 5022250827BD3A8000E3B4D5 /* NewsListViewModel.swift */; };
		5022250B27BD3A9900E3B4D5 /* NewsListTableViewCellViewModel.swift in Sources */ = {isa = PBXBuildFile; fileRef = 5022250A27BD3A9900E3B4D5 /* NewsListTableViewCellViewModel.swift */; };
		5022250D27BD3AB200E3B4D5 /* NewsListTableViewCell.swift in Sources */ = {isa = PBXBuildFile; fileRef = 5022250C27BD3AB200E3B4D5 /* NewsListTableViewCell.swift */; };
		5022250F27BD3DD500E3B4D5 /* ImageManager.swift in Sources */ = {isa = PBXBuildFile; fileRef = 5022250E27BD3DD500E3B4D5 /* ImageManager.swift */; };
/* End PBXBuildFile section */

/* Begin PBXFileReference section */
		502224E127BD22D900E3B4D5 /* NewsApp-MVVM.app */ = {isa = PBXFileReference; explicitFileType = wrapper.application; includeInIndex = 0; path = "NewsApp-MVVM.app"; sourceTree = BUILT_PRODUCTS_DIR; };
		502224E427BD22D900E3B4D5 /* AppDelegate.swift */ = {isa = PBXFileReference; lastKnownFileType = sourcecode.swift; path = AppDelegate.swift; sourceTree = "<group>"; };
		502224E627BD22D900E3B4D5 /* SceneDelegate.swift */ = {isa = PBXFileReference; lastKnownFileType = sourcecode.swift; path = SceneDelegate.swift; sourceTree = "<group>"; };
		502224E827BD22D900E3B4D5 /* ViewController.swift */ = {isa = PBXFileReference; lastKnownFileType = sourcecode.swift; path = ViewController.swift; sourceTree = "<group>"; };
		502224EB27BD22D900E3B4D5 /* Base */ = {isa = PBXFileReference; lastKnownFileType = file.storyboard; name = Base; path = Base.lproj/Main.storyboard; sourceTree = "<group>"; };
		502224ED27BD22E000E3B4D5 /* Assets.xcassets */ = {isa = PBXFileReference; lastKnownFileType = folder.assetcatalog; path = Assets.xcassets; sourceTree = "<group>"; };
		502224F027BD22E000E3B4D5 /* Base */ = {isa = PBXFileReference; lastKnownFileType = file.storyboard; name = Base; path = Base.lproj/LaunchScreen.storyboard; sourceTree = "<group>"; };
		502224F227BD22E000E3B4D5 /* Info.plist */ = {isa = PBXFileReference; lastKnownFileType = text.plist.xml; path = Info.plist; sourceTree = "<group>"; };
		502224FD27BD237700E3B4D5 /* News.swift */ = {isa = PBXFileReference; lastKnownFileType = sourcecode.swift; path = News.swift; sourceTree = "<group>"; };
		502224FF27BD248700E3B4D5 /* Constants.swift */ = {isa = PBXFileReference; lastKnownFileType = sourcecode.swift; path = Constants.swift; sourceTree = "<group>"; };
		5022250127BD328C00E3B4D5 /* Extensions.swift */ = {isa = PBXFileReference; lastKnownFileType = sourcecode.swift; path = Extensions.swift; sourceTree = "<group>"; };
		5022250327BD338400E3B4D5 /* APIManager.swift */ = {isa = PBXFileReference; lastKnownFileType = sourcecode.swift; path = APIManager.swift; sourceTree = "<group>"; };
		5022250627BD3A7200E3B4D5 /* NewsListViewController.swift */ = {isa = PBXFileReference; lastKnownFileType = sourcecode.swift; path = NewsListViewController.swift; sourceTree = "<group>"; };
		5022250827BD3A8000E3B4D5 /* NewsListViewModel.swift */ = {isa = PBXFileReference; lastKnownFileType = sourcecode.swift; path = NewsListViewModel.swift; sourceTree = "<group>"; };
		5022250A27BD3A9900E3B4D5 /* NewsListTableViewCellViewModel.swift */ = {isa = PBXFileReference; lastKnownFileType = sourcecode.swift; path = NewsListTableViewCellViewModel.swift; sourceTree = "<group>"; };
		5022250C27BD3AB200E3B4D5 /* NewsListTableViewCell.swift */ = {isa = PBXFileReference; lastKnownFileType = sourcecode.swift; path = NewsListTableViewCell.swift; sourceTree = "<group>"; };
		5022250E27BD3DD500E3B4D5 /* ImageManager.swift */ = {isa = PBXFileReference; lastKnownFileType = sourcecode.swift; path = ImageManager.swift; sourceTree = "<group>"; };
/* End PBXFileReference section */

/* Begin PBXFrameworksBuildPhase section */
		502224DE27BD22D900E3B4D5 /* Frameworks */ = {
			isa = PBXFrameworksBuildPhase;
			buildActionMask = 2147483647;
			files = (
			);
			runOnlyForDeploymentPostprocessing = 0;
		};
/* End PBXFrameworksBuildPhase section */

/* Begin PBXGroup section */
		502224D827BD22D900E3B4D5 = {
			isa = PBXGroup;
			children = (
				502224E327BD22D900E3B4D5 /* NewsApp-MVVM */,
				502224E227BD22D900E3B4D5 /* Products */,
			);
			sourceTree = "<group>";
		};
		502224E227BD22D900E3B4D5 /* Products */ = {
			isa = PBXGroup;
			children = (
				502224E127BD22D900E3B4D5 /* NewsApp-MVVM.app */,
			);
			name = Products;
			sourceTree = "<group>";
		};
		502224E327BD22D900E3B4D5 /* NewsApp-MVVM */ = {
			isa = PBXGroup;
			children = (
				502224FC27BD235700E3B4D5 /* NewsDetails */,
				502224FB27BD234500E3B4D5 /* NewsList */,
				502224FA27BD233400E3B4D5 /* Supporting Files */,
				502224F927BD232300E3B4D5 /* Services */,
				502224F827BD231700E3B4D5 /* Models */,
				502224E827BD22D900E3B4D5 /* ViewController.swift */,
				502224EA27BD22D900E3B4D5 /* Main.storyboard */,
				502224ED27BD22E000E3B4D5 /* Assets.xcassets */,
				502224EF27BD22E000E3B4D5 /* LaunchScreen.storyboard */,
				502224F227BD22E000E3B4D5 /* Info.plist */,
			);
			path = "NewsApp-MVVM";
			sourceTree = "<group>";
		};
		502224F827BD231700E3B4D5 /* Models */ = {
			isa = PBXGroup;
			children = (
				502224FD27BD237700E3B4D5 /* News.swift */,
			);
			path = Models;
			sourceTree = "<group>";
		};
		502224F927BD232300E3B4D5 /* Services */ = {
			isa = PBXGroup;
			children = (
				5022250327BD338400E3B4D5 /* APIManager.swift */,
				5022250E27BD3DD500E3B4D5 /* ImageManager.swift */,
			);
			path = Services;
			sourceTree = "<group>";
		};
		502224FA27BD233400E3B4D5 /* Supporting Files */ = {
			isa = PBXGroup;
			children = (
				502224E427BD22D900E3B4D5 /* AppDelegate.swift */,
				502224E627BD22D900E3B4D5 /* SceneDelegate.swift */,
				502224FF27BD248700E3B4D5 /* Constants.swift */,
				5022250127BD328C00E3B4D5 /* Extensions.swift */,
			);
			path = "Supporting Files";
			sourceTree = "<group>";
		};
		502224FB27BD234500E3B4D5 /* NewsList */ = {
			isa = PBXGroup;
			children = (
				5022250527BD3A4A00E3B4D5 /* NewsListTableViewCell */,
				5022250627BD3A7200E3B4D5 /* NewsListViewController.swift */,
				5022250827BD3A8000E3B4D5 /* NewsListViewModel.swift */,
			);
			path = NewsList;
			sourceTree = "<group>";
		};
		502224FC27BD235700E3B4D5 /* NewsDetails */ = {
			isa = PBXGroup;
			children = (
			);
			path = NewsDetails;
			sourceTree = "<group>";
		};
		5022250527BD3A4A00E3B4D5 /* NewsListTableViewCell */ = {
			isa = PBXGroup;
			children = (
				5022250A27BD3A9900E3B4D5 /* NewsListTableViewCellViewModel.swift */,
				5022250C27BD3AB200E3B4D5 /* NewsListTableViewCell.swift */,
			);
			path = NewsListTableViewCell;
			sourceTree = "<group>";
		};
/* End PBXGroup section */

/* Begin PBXNativeTarget section */
		502224E027BD22D900E3B4D5 /* NewsApp-MVVM */ = {
			isa = PBXNativeTarget;
			buildConfigurationList = 502224F527BD22E000E3B4D5 /* Build configuration list for PBXNativeTarget "NewsApp-MVVM" */;
			buildPhases = (
				502224DD27BD22D900E3B4D5 /* Sources */,
				502224DE27BD22D900E3B4D5 /* Frameworks */,
				502224DF27BD22D900E3B4D5 /* Resources */,
			);
			buildRules = (
			);
			dependencies = (
			);
			name = "NewsApp-MVVM";
			productName = "NewsApp-MVVM";
			productReference = 502224E127BD22D900E3B4D5 /* NewsApp-MVVM.app */;
			productType = "com.apple.product-type.application";
		};
/* End PBXNativeTarget section */

/* Begin PBXProject section */
		502224D927BD22D900E3B4D5 /* Project object */ = {
			isa = PBXProject;
			attributes = {
				BuildIndependentTargetsInParallel = 1;
				LastSwiftUpdateCheck = 1320;
				LastUpgradeCheck = 1320;
				TargetAttributes = {
					502224E027BD22D900E3B4D5 = {
						CreatedOnToolsVersion = 13.2.1;
					};
				};
			};
			buildConfigurationList = 502224DC27BD22D900E3B4D5 /* Build configuration list for PBXProject "NewsApp-MVVM" */;
			compatibilityVersion = "Xcode 13.0";
			developmentRegion = en;
			hasScannedForEncodings = 0;
			knownRegions = (
				en,
				Base,
			);
			mainGroup = 502224D827BD22D900E3B4D5;
			productRefGroup = 502224E227BD22D900E3B4D5 /* Products */;
			projectDirPath = "";
			projectRoot = "";
			targets = (
				502224E027BD22D900E3B4D5 /* NewsApp-MVVM */,
			);
		};
/* End PBXProject section */

/* Begin PBXResourcesBuildPhase section */
		502224DF27BD22D900E3B4D5 /* Resources */ = {
			isa = PBXResourcesBuildPhase;
			buildActionMask = 2147483647;
			files = (
				502224F127BD22E000E3B4D5 /* LaunchScreen.storyboard in Resources */,
				502224EE27BD22E000E3B4D5 /* Assets.xcassets in Resources */,
				502224EC27BD22D900E3B4D5 /* Main.storyboard in Resources */,
			);
			runOnlyForDeploymentPostprocessing = 0;
		};
/* End PBXResourcesBuildPhase section */

/* Begin PBXSourcesBuildPhase section */
		502224DD27BD22D900E3B4D5 /* Sources */ = {
			isa = PBXSourcesBuildPhase;
			buildActionMask = 2147483647;
			files = (
				5022250027BD248700E3B4D5 /* Constants.swift in Sources */,
				5022250227BD328C00E3B4D5 /* Extensions.swift in Sources */,
				5022250927BD3A8000E3B4D5 /* NewsListViewModel.swift in Sources */,
				5022250F27BD3DD500E3B4D5 /* ImageManager.swift in Sources */,
				502224E927BD22D900E3B4D5 /* ViewController.swift in Sources */,
				502224E527BD22D900E3B4D5 /* AppDelegate.swift in Sources */,
				502224FE27BD237700E3B4D5 /* News.swift in Sources */,
				502224E727BD22D900E3B4D5 /* SceneDelegate.swift in Sources */,
				5022250427BD338400E3B4D5 /* APIManager.swift in Sources */,
				5022250D27BD3AB200E3B4D5 /* NewsListTableViewCell.swift in Sources */,
				5022250727BD3A7300E3B4D5 /* NewsListViewController.swift in Sources */,
				5022250B27BD3A9900E3B4D5 /* NewsListTableViewCellViewModel.swift in Sources */,
			);
			runOnlyForDeploymentPostprocessing = 0;
		};
/* End PBXSourcesBuildPhase section */

/* Begin PBXVariantGroup section */
		502224EA27BD22D900E3B4D5 /* Main.storyboard */ = {
			isa = PBXVariantGroup;
			children = (
				502224EB27BD22D900E3B4D5 /* Base */,
			);
			name = Main.storyboard;
			sourceTree = "<group>";
		};
		502224EF27BD22E000E3B4D5 /* LaunchScreen.storyboard */ = {
			isa = PBXVariantGroup;
			children = (
				502224F027BD22E000E3B4D5 /* Base */,
			);
			name = LaunchScreen.storyboard;
			sourceTree = "<group>";
		};
/* End PBXVariantGroup section */

/* Begin XCBuildConfiguration section */
		502224F327BD22E000E3B4D5 /* Debug */ = {
			isa = XCBuildConfiguration;
			buildSettings = {
				ALWAYS_SEARCH_USER_PATHS = NO;
				CLANG_ANALYZER_NONNULL = YES;
				CLANG_ANALYZER_NUMBER_OBJECT_CONVERSION = YES_AGGRESSIVE;
				CLANG_CXX_LANGUAGE_STANDARD = "gnu++17";
				CLANG_CXX_LIBRARY = "libc++";
				CLANG_ENABLE_MODULES = YES;
				CLANG_ENABLE_OBJC_ARC = YES;
				CLANG_ENABLE_OBJC_WEAK = YES;
				CLANG_WARN_BLOCK_CAPTURE_AUTORELEASING = YES;
				CLANG_WARN_BOOL_CONVERSION = YES;
				CLANG_WARN_COMMA = YES;
				CLANG_WARN_CONSTANT_CONVERSION = YES;
				CLANG_WARN_DEPRECATED_OBJC_IMPLEMENTATIONS = YES;
				CLANG_WARN_DIRECT_OBJC_ISA_USAGE = YES_ERROR;
				CLANG_WARN_DOCUMENTATION_COMMENTS = YES;
				CLANG_WARN_EMPTY_BODY = YES;
				CLANG_WARN_ENUM_CONVERSION = YES;
				CLANG_WARN_INFINITE_RECURSION = YES;
				CLANG_WARN_INT_CONVERSION = YES;
				CLANG_WARN_NON_LITERAL_NULL_CONVERSION = YES;
				CLANG_WARN_OBJC_IMPLICIT_RETAIN_SELF = YES;
				CLANG_WARN_OBJC_LITERAL_CONVERSION = YES;
				CLANG_WARN_OBJC_ROOT_CLASS = YES_ERROR;
				CLANG_WARN_QUOTED_INCLUDE_IN_FRAMEWORK_HEADER = YES;
				CLANG_WARN_RANGE_LOOP_ANALYSIS = YES;
				CLANG_WARN_STRICT_PROTOTYPES = YES;
				CLANG_WARN_SUSPICIOUS_MOVE = YES;
				CLANG_WARN_UNGUARDED_AVAILABILITY = YES_AGGRESSIVE;
				CLANG_WARN_UNREACHABLE_CODE = YES;
				CLANG_WARN__DUPLICATE_METHOD_MATCH = YES;
				COPY_PHASE_STRIP = NO;
				DEBUG_INFORMATION_FORMAT = dwarf;
				ENABLE_STRICT_OBJC_MSGSEND = YES;
				ENABLE_TESTABILITY = YES;
				GCC_C_LANGUAGE_STANDARD = gnu11;
				GCC_DYNAMIC_NO_PIC = NO;
				GCC_NO_COMMON_BLOCKS = YES;
				GCC_OPTIMIZATION_LEVEL = 0;
				GCC_PREPROCESSOR_DEFINITIONS = (
					"DEBUG=1",
					"$(inherited)",
				);
				GCC_WARN_64_TO_32_BIT_CONVERSION = YES;
				GCC_WARN_ABOUT_RETURN_TYPE = YES_ERROR;
				GCC_WARN_UNDECLARED_SELECTOR = YES;
				GCC_WARN_UNINITIALIZED_AUTOS = YES_AGGRESSIVE;
				GCC_WARN_UNUSED_FUNCTION = YES;
				GCC_WARN_UNUSED_VARIABLE = YES;
				IPHONEOS_DEPLOYMENT_TARGET = 15.2;
				MTL_ENABLE_DEBUG_INFO = INCLUDE_SOURCE;
				MTL_FAST_MATH = YES;
				ONLY_ACTIVE_ARCH = YES;
				SDKROOT = iphoneos;
				SWIFT_ACTIVE_COMPILATION_CONDITIONS = DEBUG;
				SWIFT_OPTIMIZATION_LEVEL = "-Onone";
			};
			name = Debug;
		};
		502224F427BD22E000E3B4D5 /* Release */ = {
			isa = XCBuildConfiguration;
			buildSettings = {
				ALWAYS_SEARCH_USER_PATHS = NO;
				CLANG_ANALYZER_NONNULL = YES;
				CLANG_ANALYZER_NUMBER_OBJECT_CONVERSION = YES_AGGRESSIVE;
				CLANG_CXX_LANGUAGE_STANDARD = "gnu++17";
				CLANG_CXX_LIBRARY = "libc++";
				CLANG_ENABLE_MODULES = YES;
				CLANG_ENABLE_OBJC_ARC = YES;
				CLANG_ENABLE_OBJC_WEAK = YES;
				CLANG_WARN_BLOCK_CAPTURE_AUTORELEASING = YES;
				CLANG_WARN_BOOL_CONVERSION = YES;
				CLANG_WARN_COMMA = YES;
				CLANG_WARN_CONSTANT_CONVERSION = YES;
				CLANG_WARN_DEPRECATED_OBJC_IMPLEMENTATIONS = YES;
				CLANG_WARN_DIRECT_OBJC_ISA_USAGE = YES_ERROR;
				CLANG_WARN_DOCUMENTATION_COMMENTS = YES;
				CLANG_WARN_EMPTY_BODY = YES;
				CLANG_WARN_ENUM_CONVERSION = YES;
				CLANG_WARN_INFINITE_RECURSION = YES;
				CLANG_WARN_INT_CONVERSION = YES;
				CLANG_WARN_NON_LITERAL_NULL_CONVERSION = YES;
				CLANG_WARN_OBJC_IMPLICIT_RETAIN_SELF = YES;
				CLANG_WARN_OBJC_LITERAL_CONVERSION = YES;
				CLANG_WARN_OBJC_ROOT_CLASS = YES_ERROR;
				CLANG_WARN_QUOTED_INCLUDE_IN_FRAMEWORK_HEADER = YES;
				CLANG_WARN_RANGE_LOOP_ANALYSIS = YES;
				CLANG_WARN_STRICT_PROTOTYPES = YES;
				CLANG_WARN_SUSPICIOUS_MOVE = YES;
				CLANG_WARN_UNGUARDED_AVAILABILITY = YES_AGGRESSIVE;
				CLANG_WARN_UNREACHABLE_CODE = YES;
				CLANG_WARN__DUPLICATE_METHOD_MATCH = YES;
				COPY_PHASE_STRIP = NO;
				DEBUG_INFORMATION_FORMAT = "dwarf-with-dsym";
				ENABLE_NS_ASSERTIONS = NO;
				ENABLE_STRICT_OBJC_MSGSEND = YES;
				GCC_C_LANGUAGE_STANDARD = gnu11;
				GCC_NO_COMMON_BLOCKS = YES;
				GCC_WARN_64_TO_32_BIT_CONVERSION = YES;
				GCC_WARN_ABOUT_RETURN_TYPE = YES_ERROR;
				GCC_WARN_UNDECLARED_SELECTOR = YES;
				GCC_WARN_UNINITIALIZED_AUTOS = YES_AGGRESSIVE;
				GCC_WARN_UNUSED_FUNCTION = YES;
				GCC_WARN_UNUSED_VARIABLE = YES;
				IPHONEOS_DEPLOYMENT_TARGET = 15.2;
				MTL_ENABLE_DEBUG_INFO = NO;
				MTL_FAST_MATH = YES;
				SDKROOT = iphoneos;
				SWIFT_COMPILATION_MODE = wholemodule;
				SWIFT_OPTIMIZATION_LEVEL = "-O";
				VALIDATE_PRODUCT = YES;
			};
			name = Release;
		};
		502224F627BD22E000E3B4D5 /* Debug */ = {
			isa = XCBuildConfiguration;
			buildSettings = {
				ASSETCATALOG_COMPILER_APPICON_NAME = AppIcon;
				ASSETCATALOG_COMPILER_GLOBAL_ACCENT_COLOR_NAME = AccentColor;
				CODE_SIGN_STYLE = Automatic;
				CURRENT_PROJECT_VERSION = 1;
				GENERATE_INFOPLIST_FILE = YES;
				INFOPLIST_FILE = "NewsApp-MVVM/Info.plist";
				INFOPLIST_KEY_UIApplicationSupportsIndirectInputEvents = YES;
				INFOPLIST_KEY_UILaunchStoryboardName = LaunchScreen;
				INFOPLIST_KEY_UIMainStoryboardFile = Main;
				INFOPLIST_KEY_UISupportedInterfaceOrientations_iPad = "UIInterfaceOrientationPortrait UIInterfaceOrientationPortraitUpsideDown UIInterfaceOrientationLandscapeLeft UIInterfaceOrientationLandscapeRight";
				INFOPLIST_KEY_UISupportedInterfaceOrientations_iPhone = "UIInterfaceOrientationPortrait UIInterfaceOrientationLandscapeLeft UIInterfaceOrientationLandscapeRight";
				LD_RUNPATH_SEARCH_PATHS = (
					"$(inherited)",
					"@executable_path/Frameworks",
				);
				MARKETING_VERSION = 1.0;
				PRODUCT_BUNDLE_IDENTIFIER = "shinov-96-mail.ru.NewsApp-MVVM";
				PRODUCT_NAME = "$(TARGET_NAME)";
				SWIFT_EMIT_LOC_STRINGS = YES;
				SWIFT_VERSION = 5.0;
				TARGETED_DEVICE_FAMILY = "1,2";
			};
			name = Debug;
		};
		502224F727BD22E000E3B4D5 /* Release */ = {
			isa = XCBuildConfiguration;
			buildSettings = {
				ASSETCATALOG_COMPILER_APPICON_NAME = AppIcon;
				ASSETCATALOG_COMPILER_GLOBAL_ACCENT_COLOR_NAME = AccentColor;
				CODE_SIGN_STYLE = Automatic;
				CURRENT_PROJECT_VERSION = 1;
				GENERATE_INFOPLIST_FILE = YES;
				INFOPLIST_FILE = "NewsApp-MVVM/Info.plist";
				INFOPLIST_KEY_UIApplicationSupportsIndirectInputEvents = YES;
				INFOPLIST_KEY_UILaunchStoryboardName = LaunchScreen;
				INFOPLIST_KEY_UIMainStoryboardFile = Main;
				INFOPLIST_KEY_UISupportedInterfaceOrientations_iPad = "UIInterfaceOrientationPortrait UIInterfaceOrientationPortraitUpsideDown UIInterfaceOrientationLandscapeLeft UIInterfaceOrientationLandscapeRight";
				INFOPLIST_KEY_UISupportedInterfaceOrientations_iPhone = "UIInterfaceOrientationPortrait UIInterfaceOrientationLandscapeLeft UIInterfaceOrientationLandscapeRight";
				LD_RUNPATH_SEARCH_PATHS = (
					"$(inherited)",
					"@executable_path/Frameworks",
				);
				MARKETING_VERSION = 1.0;
				PRODUCT_BUNDLE_IDENTIFIER = "shinov-96-mail.ru.NewsApp-MVVM";
				PRODUCT_NAME = "$(TARGET_NAME)";
				SWIFT_EMIT_LOC_STRINGS = YES;
				SWIFT_VERSION = 5.0;
				TARGETED_DEVICE_FAMILY = "1,2";
			};
			name = Release;
		};
/* End XCBuildConfiguration section */

/* Begin XCConfigurationList section */
		502224DC27BD22D900E3B4D5 /* Build configuration list for PBXProject "NewsApp-MVVM" */ = {
			isa = XCConfigurationList;
			buildConfigurations = (
				502224F327BD22E000E3B4D5 /* Debug */,
				502224F427BD22E000E3B4D5 /* Release */,
			);
			defaultConfigurationIsVisible = 0;
			defaultConfigurationName = Release;
		};
		502224F527BD22E000E3B4D5 /* Build configuration list for PBXNativeTarget "NewsApp-MVVM" */ = {
			isa = XCConfigurationList;
			buildConfigurations = (
				502224F627BD22E000E3B4D5 /* Debug */,
				502224F727BD22E000E3B4D5 /* Release */,
			);
			defaultConfigurationIsVisible = 0;
			defaultConfigurationName = Release;
		};
/* End XCConfigurationList section */
	};
	rootObject = 502224D927BD22D900E3B4D5 /* Project object */;
}
